
Microsoft Visual Studio Solution File, Format Version 12.00
# Visual Studio Version 17
VisualStudioVersion = 17.14.36414.22 d17.14
MinimumVisualStudioVersion = 10.0.40219.1
Project("{FAE04EC0-301F-11D3-BF4B-00C04F79EFBC}") = "JeuPendu", "JeuPendu\JeuPendu.csproj", "{4FEB0E4F-29E6-4522-9304-E10DA6F14D92}"
EndProject
Global
	GlobalSection(SolutionConfigurationPlatforms) = preSolution
		Debug|Any CPU = Debug|Any CPU
		Release|Any CPU = Release|Any CPU
	EndGlobalSection
	GlobalSection(ProjectConfigurationPlatforms) = postSolution
		{4FEB0E4F-29E6-4522-9304-E10DA6F14D92}.Debug|Any CPU.ActiveCfg = Debug|Any CPU
		{4FEB0E4F-29E6-4522-9304-E10DA6F14D92}.Debug|Any CPU.Build.0 = Debug|Any CPU
		{4FEB0E4F-29E6-4522-9304-E10DA6F14D92}.Release|Any CPU.ActiveCfg = Release|Any CPU
		{4FEB0E4F-29E6-4522-9304-E10DA6F14D92}.Release|Any CPU.Build.0 = Release|Any CPU
	EndGlobalSection
	GlobalSection(SolutionProperties) = preSolution
		HideSolutionNode = FALSE
	EndGlobalSection
	GlobalSection(ExtensibilityGlobals) = postSolution
		SolutionGuid = {BA168625-3511-4703-A943-A5285AA83F16}
	EndGlobalSection
EndGlobal
