
Microsoft Visual Studio Solution File, Format Version 12.00
# Visual Studio Version 17
VisualStudioVersion = 17.14.36414.22 d17.14
MinimumVisualStudioVersion = 10.0.40219.1
Project("{FAE04EC0-301F-11D3-BF4B-00C04F79EFBC}") = "PizzaApp", "PizzaApp\PizzaApp.csproj", "{7E1B2743-EB13-401D-92A1-6E2A0CFB60AA}"
EndProject
Global
	GlobalSection(SolutionConfigurationPlatforms) = preSolution
		Debug|Any CPU = Debug|Any CPU
		Release|Any CPU = Release|Any CPU
	EndGlobalSection
	GlobalSection(ProjectConfigurationPlatforms) = postSolution
		{7E1B2743-EB13-401D-92A1-6E2A0CFB60AA}.Debug|Any CPU.ActiveCfg = Debug|Any CPU
		{7E1B2743-EB13-401D-92A1-6E2A0CFB60AA}.Debug|Any CPU.Build.0 = Debug|Any CPU
		{7E1B2743-EB13-401D-92A1-6E2A0CFB60AA}.Release|Any CPU.ActiveCfg = Release|Any CPU
		{7E1B2743-EB13-401D-92A1-6E2A0CFB60AA}.Release|Any CPU.Build.0 = Release|Any CPU
	EndGlobalSection
	GlobalSection(SolutionProperties) = preSolution
		HideSolutionNode = FALSE
	EndGlobalSection
	GlobalSection(ExtensibilityGlobals) = postSolution
		SolutionGuid = {67541578-4592-42D3-8260-FFE0B0AA51EF}
	EndGlobalSection
EndGlobal
